
Microsoft Visual Studio Solution File, Format Version 12.00
# Visual Studio Version 16
VisualStudioVersion = 16.0.29728.190
MinimumVisualStudioVersion = 10.0.40219.1
Project("{FAE04EC0-301F-11D3-BF4B-00C04F79EFBC}") = "AIE_01_Classes", "AIE_01_Classes\AIE_01_Classes.csproj", "{8CDAFD23-D103-47E6-9B43-CA8AEBD3A3DF}"
EndProject
Global
	GlobalSection(SolutionConfigurationPlatforms) = preSolution
		Debug|Any CPU = Debug|Any CPU
		Release|Any CPU = Release|Any CPU
	EndGlobalSection
	GlobalSection(ProjectConfigurationPlatforms) = postSolution
		{8CDAFD23-D103-47E6-9B43-CA8AEBD3A3DF}.Debug|Any CPU.ActiveCfg = Debug|Any CPU
		{8CDAFD23-D103-47E6-9B43-CA8AEBD3A3DF}.Debug|Any CPU.Build.0 = Debug|Any CPU
		{8CDAFD23-D103-47E6-9B43-CA8AEBD3A3DF}.Release|Any CPU.ActiveCfg = Release|Any CPU
		{8CDAFD23-D103-47E6-9B43-CA8AEBD3A3DF}.Release|Any CPU.Build.0 = Release|Any CPU
	EndGlobalSection
	GlobalSection(SolutionProperties) = preSolution
		HideSolutionNode = FALSE
	EndGlobalSection
	GlobalSection(ExtensibilityGlobals) = postSolution
		SolutionGuid = {D6321722-BB0D-46F7-8FF5-FAB9593E3A3C}
	EndGlobalSection
EndGlobal
